
Microsoft Visual Studio Solution File, Format Version 12.00
# Visual Studio Version 17
VisualStudioVersion = 17.10.35122.118
MinimumVisualStudioVersion = 10.0.40219.1
Project("{9A19103F-16F7-4668-BE54-9A1E7A4F7556}") = "SchoolCalendarSystem", "SchoolCalendarSystem.csproj", "{5E68562A-5B1B-4B9F-B6B6-31F0FE22BCA7}"
EndProject
Global
	GlobalSection(SolutionConfigurationPlatforms) = preSolution
		Debug|Any CPU = Debug|Any CPU
		Release|Any CPU = Release|Any CPU
	EndGlobalSection
	GlobalSection(ProjectConfigurationPlatforms) = postSolution
		{5E68562A-5B1B-4B9F-B6B6-31F0FE22BCA7}.Debug|Any CPU.ActiveCfg = Debug|Any CPU
		{5E68562A-5B1B-4B9F-B6B6-31F0FE22BCA7}.Debug|Any CPU.Build.0 = Debug|Any CPU
		{5E68562A-5B1B-4B9F-B6B6-31F0FE22BCA7}.Release|Any CPU.ActiveCfg = Release|Any CPU
		{5E68562A-5B1B-4B9F-B6B6-31F0FE22BCA7}.Release|Any CPU.Build.0 = Release|Any CPU
	EndGlobalSection
	GlobalSection(SolutionProperties) = preSolution
		HideSolutionNode = FALSE
	EndGlobalSection
	GlobalSection(ExtensibilityGlobals) = postSolution
		SolutionGuid = {C5E37AC8-9201-4075-993C-C2489E212BA6}
	EndGlobalSection
EndGlobal
